// !$*UTF8*$!
{
	archiveVersion = 1;
	classes = {
	};
	objectVersion = 50;
	objects = {

/* Begin PBXBuildFile section */
		67B1F61024A174E4009AC663 /* AppDelegate.swift in Sources */ = {isa = PBXBuildFile; fileRef = 67B1F60F24A174E4009AC663 /* AppDelegate.swift */; };
		67B1F61224A174E4009AC663 /* SceneDelegate.swift in Sources */ = {isa = PBXBuildFile; fileRef = 67B1F61124A174E4009AC663 /* SceneDelegate.swift */; };
		67B1F61424A174E4009AC663 /* ContentView.swift in Sources */ = {isa = PBXBuildFile; fileRef = 67B1F61324A174E4009AC663 /* ContentView.swift */; };
		67B1F61624A174E5009AC663 /* Assets.xcassets in Resources */ = {isa = PBXBuildFile; fileRef = 67B1F61524A174E5009AC663 /* Assets.xcassets */; };
		67B1F61924A174E5009AC663 /* Preview Assets.xcassets in Resources */ = {isa = PBXBuildFile; fileRef = 67B1F61824A174E5009AC663 /* Preview Assets.xcassets */; };
		67B1F61C24A174E5009AC663 /* LaunchScreen.storyboard in Resources */ = {isa = PBXBuildFile; fileRef = 67B1F61A24A174E5009AC663 /* LaunchScreen.storyboard */; };
/* End PBXBuildFile section */

/* Begin PBXFileReference section */
		67B1F60C24A174E4009AC663 /* Count_SwiftUI_Sample.app */ = {isa = PBXFileReference; explicitFileType = wrapper.application; includeInIndex = 0; path = Count_SwiftUI_Sample.app; sourceTree = BUILT_PRODUCTS_DIR; };
		67B1F60F24A174E4009AC663 /* AppDelegate.swift */ = {isa = PBXFileReference; lastKnownFileType = sourcecode.swift; path = AppDelegate.swift; sourceTree = "<group>"; };
		67B1F61124A174E4009AC663 /* SceneDelegate.swift */ = {isa = PBXFileReference; lastKnownFileType = sourcecode.swift; path = SceneDelegate.swift; sourceTree = "<group>"; };
		67B1F61324A174E4009AC663 /* ContentView.swift */ = {isa = PBXFileReference; lastKnownFileType = sourcecode.swift; path = ContentView.swift; sourceTree = "<group>"; };
		67B1F61524A174E5009AC663 /* Assets.xcassets */ = {isa = PBXFileReference; lastKnownFileType = folder.assetcatalog; path = Assets.xcassets; sourceTree = "<group>"; };
		67B1F61824A174E5009AC663 /* Preview Assets.xcassets */ = {isa = PBXFileReference; lastKnownFileType = folder.assetcatalog; path = "Preview Assets.xcassets"; sourceTree = "<group>"; };
		67B1F61B24A174E5009AC663 /* Base */ = {isa = PBXFileReference; lastKnownFileType = file.storyboard; name = Base; path = Base.lproj/LaunchScreen.storyboard; sourceTree = "<group>"; };
		67B1F61D24A174E5009AC663 /* Info.plist */ = {isa = PBXFileReference; lastKnownFileType = text.plist.xml; path = Info.plist; sourceTree = "<group>"; };
/* End PBXFileReference section */

/* Begin PBXFrameworksBuildPhase section */
		67B1F60924A174E4009AC663 /* Frameworks */ = {
			isa = PBXFrameworksBuildPhase;
			buildActionMask = 2147483647;
			files = (
			);
			runOnlyForDeploymentPostprocessing = 0;
		};
/* End PBXFrameworksBuildPhase section */

/* Begin PBXGroup section */
		67B1F60324A174E4009AC663 = {
			isa = PBXGroup;
			children = (
				67B1F60E24A174E4009AC663 /* Count_SwiftUI_Sample */,
				67B1F60D24A174E4009AC663 /* Products */,
			);
			sourceTree = "<group>";
		};
		67B1F60D24A174E4009AC663 /* Products */ = {
			isa = PBXGroup;
			children = (
				67B1F60C24A174E4009AC663 /* Count_SwiftUI_Sample.app */,
			);
			name = Products;
			sourceTree = "<group>";
		};
		67B1F60E24A174E4009AC663 /* Count_SwiftUI_Sample */ = {
			isa = PBXGroup;
			children = (
				67B1F60F24A174E4009AC663 /* AppDelegate.swift */,
				67B1F61124A174E4009AC663 /* SceneDelegate.swift */,
				67B1F61324A174E4009AC663 /* ContentView.swift */,
				67B1F61524A174E5009AC663 /* Assets.xcassets */,
				67B1F61A24A174E5009AC663 /* LaunchScreen.storyboard */,
				67B1F61D24A174E5009AC663 /* Info.plist */,
				67B1F61724A174E5009AC663 /* Preview Content */,
			);
			path = Count_SwiftUI_Sample;
			sourceTree = "<group>";
		};
		67B1F61724A174E5009AC663 /* Preview Content */ = {
			isa = PBXGroup;
			children = (
				67B1F61824A174E5009AC663 /* Preview Assets.xcassets */,
			);
			path = "Preview Content";
			sourceTree = "<group>";
		};
/* End PBXGroup section */

/* Begin PBXNativeTarget section */
		67B1F60B24A174E4009AC663 /* Count_SwiftUI_Sample */ = {
			isa = PBXNativeTarget;
			buildConfigurationList = 67B1F62024A174E5009AC663 /* Build configuration list for PBXNativeTarget "Count_SwiftUI_Sample" */;
			buildPhases = (
				67B1F60824A174E4009AC663 /* Sources */,
				67B1F60924A174E4009AC663 /* Frameworks */,
				67B1F60A24A174E4009AC663 /* Resources */,
			);
			buildRules = (
			);
			dependencies = (
			);
			name = Count_SwiftUI_Sample;
			productName = Count_SwiftUI_Sample;
			productReference = 67B1F60C24A174E4009AC663 /* Count_SwiftUI_Sample.app */;
			productType = "com.apple.product-type.application";
		};
/* End PBXNativeTarget section */

/* Begin PBXProject section */
		67B1F60424A174E4009AC663 /* Project object */ = {
			isa = PBXProject;
			attributes = {
				LastSwiftUpdateCheck = 1130;
				LastUpgradeCheck = 1130;
				ORGANIZATIONNAME = tosh7;
				TargetAttributes = {
					67B1F60B24A174E4009AC663 = {
						CreatedOnToolsVersion = 11.3.1;
					};
				};
			};
			buildConfigurationList = 67B1F60724A174E4009AC663 /* Build configuration list for PBXProject "Count_SwiftUI_Sample" */;
			compatibilityVersion = "Xcode 9.3";
			developmentRegion = en;
			hasScannedForEncodings = 0;
			knownRegions = (
				en,
				Base,
			);
			mainGroup = 67B1F60324A174E4009AC663;
			productRefGroup = 67B1F60D24A174E4009AC663 /* Products */;
			projectDirPath = "";
			projectRoot = "";
			targets = (
				67B1F60B24A174E4009AC663 /* Count_SwiftUI_Sample */,
			);
		};
/* End PBXProject section */

/* Begin PBXResourcesBuildPhase section */
		67B1F60A24A174E4009AC663 /* Resources */ = {
			isa = PBXResourcesBuildPhase;
			buildActionMask = 2147483647;
			files = (
				67B1F61C24A174E5009AC663 /* LaunchScreen.storyboard in Resources */,
				67B1F61924A174E5009AC663 /* Preview Assets.xcassets in Resources */,
				67B1F61624A174E5009AC663 /* Assets.xcassets in Resources */,
			);
			runOnlyForDeploymentPostprocessing = 0;
		};
/* End PBXResourcesBuildPhase section */

/* Begin PBXSourcesBuildPhase section */
		67B1F60824A174E4009AC663 /* Sources */ = {
			isa = PBXSourcesBuildPhase;
			buildActionMask = 2147483647;
			files = (
				67B1F61024A174E4009AC663 /* AppDelegate.swift in Sources */,
				67B1F61224A174E4009AC663 /* SceneDelegate.swift in Sources */,
				67B1F61424A174E4009AC663 /* ContentView.swift in Sources */,
			);
			runOnlyForDeploymentPostprocessing = 0;
		};
/* End PBXSourcesBuildPhase section */

/* Begin PBXVariantGroup section */
		67B1F61A24A174E5009AC663 /* LaunchScreen.storyboard */ = {
			isa = PBXVariantGroup;
			children = (
				67B1F61B24A174E5009AC663 /* Base */,
			);
			name = LaunchScreen.storyboard;
			sourceTree = "<group>";
		};
/* End PBXVariantGroup section */

/* Begin XCBuildConfiguration section */
		67B1F61E24A174E5009AC663 /* Debug */ = {
			isa = XCBuildConfiguration;
			buildSettings = {
				ALWAYS_SEARCH_USER_PATHS = NO;
				CLANG_ANALYZER_NONNULL = YES;
				CLANG_ANALYZER_NUMBER_OBJECT_CONVERSION = YES_AGGRESSIVE;
				CLANG_CXX_LANGUAGE_STANDARD = "gnu++14";
				CLANG_CXX_LIBRARY = "libc++";
				CLANG_ENABLE_MODULES = YES;
				CLANG_ENABLE_OBJC_ARC = YES;
				CLANG_ENABLE_OBJC_WEAK = YES;
				CLANG_WARN_BLOCK_CAPTURE_AUTORELEASING = YES;
				CLANG_WARN_BOOL_CONVERSION = YES;
				CLANG_WARN_COMMA = YES;
				CLANG_WARN_CONSTANT_CONVERSION = YES;
				CLANG_WARN_DEPRECATED_OBJC_IMPLEMENTATIONS = YES;
				CLANG_WARN_DIRECT_OBJC_ISA_USAGE = YES_ERROR;
				CLANG_WARN_DOCUMENTATION_COMMENTS = YES;
				CLANG_WARN_EMPTY_BODY = YES;
				CLANG_WARN_ENUM_CONVERSION = YES;
				CLANG_WARN_INFINITE_RECURSION = YES;
				CLANG_WARN_INT_CONVERSION = YES;
				CLANG_WARN_NON_LITERAL_NULL_CONVERSION = YES;
				CLANG_WARN_OBJC_IMPLICIT_RETAIN_SELF = YES;
				CLANG_WARN_OBJC_LITERAL_CONVERSION = YES;
				CLANG_WARN_OBJC_ROOT_CLASS = YES_ERROR;
				CLANG_WARN_RANGE_LOOP_ANALYSIS = YES;
				CLANG_WARN_STRICT_PROTOTYPES = YES;
				CLANG_WARN_SUSPICIOUS_MOVE = YES;
				CLANG_WARN_UNGUARDED_AVAILABILITY = YES_AGGRESSIVE;
				CLANG_WARN_UNREACHABLE_CODE = YES;
				CLANG_WARN__DUPLICATE_METHOD_MATCH = YES;
				COPY_PHASE_STRIP = NO;
				DEBUG_INFORMATION_FORMAT = dwarf;
				ENABLE_STRICT_OBJC_MSGSEND = YES;
				ENABLE_TESTABILITY = YES;
				GCC_C_LANGUAGE_STANDARD = gnu11;
				GCC_DYNAMIC_NO_PIC = NO;
				GCC_NO_COMMON_BLOCKS = YES;
				GCC_OPTIMIZATION_LEVEL = 0;
				GCC_PREPROCESSOR_DEFINITIONS = (
					"DEBUG=1",
					"$(inherited)",
				);
				GCC_WARN_64_TO_32_BIT_CONVERSION = YES;
				GCC_WARN_ABOUT_RETURN_TYPE = YES_ERROR;
				GCC_WARN_UNDECLARED_SELECTOR = YES;
				GCC_WARN_UNINITIALIZED_AUTOS = YES_AGGRESSIVE;
				GCC_WARN_UNUSED_FUNCTION = YES;
				GCC_WARN_UNUSED_VARIABLE = YES;
				IPHONEOS_DEPLOYMENT_TARGET = 13.2;
				MTL_ENABLE_DEBUG_INFO = INCLUDE_SOURCE;
				MTL_FAST_MATH = YES;
				ONLY_ACTIVE_ARCH = YES;
				SDKROOT = iphoneos;
				SWIFT_ACTIVE_COMPILATION_CONDITIONS = DEBUG;
				SWIFT_OPTIMIZATION_LEVEL = "-Onone";
			};
			name = Debug;
		};
		67B1F61F24A174E5009AC663 /* Release */ = {
			isa = XCBuildConfiguration;
			buildSettings = {
				ALWAYS_SEARCH_USER_PATHS = NO;
				CLANG_ANALYZER_NONNULL = YES;
				CLANG_ANALYZER_NUMBER_OBJECT_CONVERSION = YES_AGGRESSIVE;
				CLANG_CXX_LANGUAGE_STANDARD = "gnu++14";
				CLANG_CXX_LIBRARY = "libc++";
				CLANG_ENABLE_MODULES = YES;
				CLANG_ENABLE_OBJC_ARC = YES;
				CLANG_ENABLE_OBJC_WEAK = YES;
				CLANG_WARN_BLOCK_CAPTURE_AUTORELEASING = YES;
				CLANG_WARN_BOOL_CONVERSION = YES;
				CLANG_WARN_COMMA = YES;
				CLANG_WARN_CONSTANT_CONVERSION = YES;
				CLANG_WARN_DEPRECATED_OBJC_IMPLEMENTATIONS = YES;
				CLANG_WARN_DIRECT_OBJC_ISA_USAGE = YES_ERROR;
				CLANG_WARN_DOCUMENTATION_COMMENTS = YES;
				CLANG_WARN_EMPTY_BODY = YES;
				CLANG_WARN_ENUM_CONVERSION = YES;
				CLANG_WARN_INFINITE_RECURSION = YES;
				CLANG_WARN_INT_CONVERSION = YES;
				CLANG_WARN_NON_LITERAL_NULL_CONVERSION = YES;
				CLANG_WARN_OBJC_IMPLICIT_RETAIN_SELF = YES;
				CLANG_WARN_OBJC_LITERAL_CONVERSION = YES;
				CLANG_WARN_OBJC_ROOT_CLASS = YES_ERROR;
				CLANG_WARN_RANGE_LOOP_ANALYSIS = YES;
				CLANG_WARN_STRICT_PROTOTYPES = YES;
				CLANG_WARN_SUSPICIOUS_MOVE = YES;
				CLANG_WARN_UNGUARDED_AVAILABILITY = YES_AGGRESSIVE;
				CLANG_WARN_UNREACHABLE_CODE = YES;
				CLANG_WARN__DUPLICATE_METHOD_MATCH = YES;
				COPY_PHASE_STRIP = NO;
				DEBUG_INFORMATION_FORMAT = "dwarf-with-dsym";
				ENABLE_NS_ASSERTIONS = NO;
				ENABLE_STRICT_OBJC_MSGSEND = YES;
				GCC_C_LANGUAGE_STANDARD = gnu11;
				GCC_NO_COMMON_BLOCKS = YES;
				GCC_WARN_64_TO_32_BIT_CONVERSION = YES;
				GCC_WARN_ABOUT_RETURN_TYPE = YES_ERROR;
				GCC_WARN_UNDECLARED_SELECTOR = YES;
				GCC_WARN_UNINITIALIZED_AUTOS = YES_AGGRESSIVE;
				GCC_WARN_UNUSED_FUNCTION = YES;
				GCC_WARN_UNUSED_VARIABLE = YES;
				IPHONEOS_DEPLOYMENT_TARGET = 13.2;
				MTL_ENABLE_DEBUG_INFO = NO;
				MTL_FAST_MATH = YES;
				SDKROOT = iphoneos;
				SWIFT_COMPILATION_MODE = wholemodule;
				SWIFT_OPTIMIZATION_LEVEL = "-O";
				VALIDATE_PRODUCT = YES;
			};
			name = Release;
		};
		67B1F62124A174E5009AC663 /* Debug */ = {
			isa = XCBuildConfiguration;
			buildSettings = {
				ASSETCATALOG_COMPILER_APPICON_NAME = AppIcon;
				CODE_SIGN_STYLE = Automatic;
				DEVELOPMENT_ASSET_PATHS = "\"Count_SwiftUI_Sample/Preview Content\"";
				ENABLE_PREVIEWS = YES;
				INFOPLIST_FILE = Count_SwiftUI_Sample/Info.plist;
				LD_RUNPATH_SEARCH_PATHS = (
					"$(inherited)",
					"@executable_path/Frameworks",
				);
				PRODUCT_BUNDLE_IDENTIFIER = "com.tosh7.Count-SwiftUI-Sample";
				PRODUCT_NAME = "$(TARGET_NAME)";
				SWIFT_VERSION = 5.0;
				TARGETED_DEVICE_FAMILY = "1,2";
			};
			name = Debug;
		};
		67B1F62224A174E5009AC663 /* Release */ = {
			isa = XCBuildConfiguration;
			buildSettings = {
				ASSETCATALOG_COMPILER_APPICON_NAME = AppIcon;
				CODE_SIGN_STYLE = Automatic;
				DEVELOPMENT_ASSET_PATHS = "\"Count_SwiftUI_Sample/Preview Content\"";
				ENABLE_PREVIEWS = YES;
				INFOPLIST_FILE = Count_SwiftUI_Sample/Info.plist;
				LD_RUNPATH_SEARCH_PATHS = (
					"$(inherited)",
					"@executable_path/Frameworks",
				);
				PRODUCT_BUNDLE_IDENTIFIER = "com.tosh7.Count-SwiftUI-Sample";
				PRODUCT_NAME = "$(TARGET_NAME)";
				SWIFT_VERSION = 5.0;
				TARGETED_DEVICE_FAMILY = "1,2";
			};
			name = Release;
		};
/* End XCBuildConfiguration section */

/* Begin XCConfigurationList section */
		67B1F60724A174E4009AC663 /* Build configuration list for PBXProject "Count_SwiftUI_Sample" */ = {
			isa = XCConfigurationList;
			buildConfigurations = (
				67B1F61E24A174E5009AC663 /* Debug */,
				67B1F61F24A174E5009AC663 /* Release */,
			);
			defaultConfigurationIsVisible = 0;
			defaultConfigurationName = Release;
		};
		67B1F62024A174E5009AC663 /* Build configuration list for PBXNativeTarget "Count_SwiftUI_Sample" */ = {
			isa = XCConfigurationList;
			buildConfigurations = (
				67B1F62124A174E5009AC663 /* Debug */,
				67B1F62224A174E5009AC663 /* Release */,
			);
			defaultConfigurationIsVisible = 0;
			defaultConfigurationName = Release;
		};
/* End XCConfigurationList section */
	};
	rootObject = 67B1F60424A174E4009AC663 /* Project object */;
}
